
Microsoft Visual Studio Solution File, Format Version 12.00
# Visual Studio 15
VisualStudioVersion = 15.0.26730.16
MinimumVisualStudioVersion = 10.0.40219.1
Project("{9A19103F-16F7-4668-BE54-9A1E7A4F7556}") = "NumberConverters", "NumberConverters\NumberConverters.csproj", "{36F80D0A-EE21-46BC-9909-EF76FE4226AF}"
	ProjectSection(ProjectDependencies) = postProject
		{02D21DF2-2969-41E9-81F4-997AE8158CD1} = {02D21DF2-2969-41E9-81F4-997AE8158CD1}
	EndProjectSection
EndProject
Project("{FAE04EC0-301F-11D3-BF4B-00C04F79EFBC}") = "UnitTestProject1", "UnitTestProject1\UnitTestProject1.csproj", "{02D21DF2-2969-41E9-81F4-997AE8158CD1}"
EndProject
Global
	GlobalSection(SolutionConfigurationPlatforms) = preSolution
		Debug|Any CPU = Debug|Any CPU
		Release|Any CPU = Release|Any CPU
	EndGlobalSection
	GlobalSection(ProjectConfigurationPlatforms) = postSolution
		{36F80D0A-EE21-46BC-9909-EF76FE4226AF}.Debug|Any CPU.ActiveCfg = Debug|Any CPU
		{36F80D0A-EE21-46BC-9909-EF76FE4226AF}.Debug|Any CPU.Build.0 = Debug|Any CPU
		{36F80D0A-EE21-46BC-9909-EF76FE4226AF}.Release|Any CPU.ActiveCfg = Release|Any CPU
		{36F80D0A-EE21-46BC-9909-EF76FE4226AF}.Release|Any CPU.Build.0 = Release|Any CPU
		{02D21DF2-2969-41E9-81F4-997AE8158CD1}.Debug|Any CPU.ActiveCfg = Debug|Any CPU
		{02D21DF2-2969-41E9-81F4-997AE8158CD1}.Debug|Any CPU.Build.0 = Debug|Any CPU
		{02D21DF2-2969-41E9-81F4-997AE8158CD1}.Release|Any CPU.ActiveCfg = Release|Any CPU
		{02D21DF2-2969-41E9-81F4-997AE8158CD1}.Release|Any CPU.Build.0 = Release|Any CPU
	EndGlobalSection
	GlobalSection(SolutionProperties) = preSolution
		HideSolutionNode = FALSE
	EndGlobalSection
	GlobalSection(ExtensibilityGlobals) = postSolution
		SolutionGuid = {5283ADF5-70BD-4990-AE2C-815ED4B3775B}
	EndGlobalSection
EndGlobal
